{
  "name": "@jjbubudi/protos-web",
  "version": "1.0.0",
  "lockfileVersion": 1,
  "requires": true,
  "dependencies": {
    "@types/google-protobuf": {
      "version": "3.2.7",
      "resolved": "https://registry.npmjs.org/@types/google-protobuf/-/google-protobuf-3.2.7.tgz",
      "integrity": "sha512-Pb9wl5qDEwfnJeeu6Zpn5Y+waLrKETStqLZXHMGCTbkNuBBudPy4qOGN6veamyeoUBwTm2knOVeP/FlHHhhmzA==",
      "dev": true
    },
    "google-protobuf": {
      "version": "3.7.1",
      "resolved": "https://registry.npmjs.org/google-protobuf/-/google-protobuf-3.7.1.tgz",
      "integrity": "sha512-6fvlUey6cNKtWSEn1bt4CT4wc2EID1fVluHS1dOnqIlxyIu3cBid2BvWE8Rwl6wN+hRTgiAKhfyydAGV/weZYQ==",
      "dev": true
    },
    "grpc-web": {
      "version": "1.0.4",
      "resolved": "https://registry.npmjs.org/grpc-web/-/grpc-web-1.0.4.tgz",
      "integrity": "sha512-CjIA05C1G9n0/aT5YrQ8SAYNh5foHZRVK+1yN81Ez9vpNQCmrvXCWQBOHlQK7tJg3EqC5m8F99XQRfAi+K8CyA==",
      "dev": true
    },
    "typescript": {
      "version": "3.4.5",
      "resolved": "https://registry.npmjs.org/typescript/-/typescript-3.4.5.tgz",
      "integrity": "sha512-YycBxUb49UUhdNMU5aJ7z5Ej2XGmaIBL0x34vZ82fn3hGvD+bgrMrVDpatgz2f7YxUMJxMkbWxJZeAvDxVe7Vw==",
      "dev": true
    }
  }
}
